
Microsoft Visual Studio Solution File, Format Version 12.00
# Visual Studio Version 16
VisualStudioVersion = 16.0.30611.23
MinimumVisualStudioVersion = 10.0.40219.1
Project("{FAE04EC0-301F-11D3-BF4B-00C04F79EFBC}") = "XadrezConsole", "XadrezConsole\XadrezConsole.csproj", "{4FFFEB33-B07C-4993-BAB1-A9F0C3A753AB}"
EndProject
Global
	GlobalSection(SolutionConfigurationPlatforms) = preSolution
		Debug|Any CPU = Debug|Any CPU
		Release|Any CPU = Release|Any CPU
	EndGlobalSection
	GlobalSection(ProjectConfigurationPlatforms) = postSolution
		{4FFFEB33-B07C-4993-BAB1-A9F0C3A753AB}.Debug|Any CPU.ActiveCfg = Debug|Any CPU
		{4FFFEB33-B07C-4993-BAB1-A9F0C3A753AB}.Debug|Any CPU.Build.0 = Debug|Any CPU
		{4FFFEB33-B07C-4993-BAB1-A9F0C3A753AB}.Release|Any CPU.ActiveCfg = Release|Any CPU
		{4FFFEB33-B07C-4993-BAB1-A9F0C3A753AB}.Release|Any CPU.Build.0 = Release|Any CPU
	EndGlobalSection
	GlobalSection(SolutionProperties) = preSolution
		HideSolutionNode = FALSE
	EndGlobalSection
	GlobalSection(ExtensibilityGlobals) = postSolution
		SolutionGuid = {93EDB236-389B-459D-9DCC-3EB6E94C99A0}
	EndGlobalSection
EndGlobal
